{
  "image": "ghcr.io/manugh/xg2g",
  "releases": {
    "3.1.7": {
      "digest": "pending"
    },
    "v3.4.0": {
      "digest": "pending",
      "published_at": "pending"
    },
    "v3.4.1": {
      "digest": "pending",
      "published_at": "pending"
    },
    "v3.4.2": {
      "digest": "pending",
      "published_at": "pending"
    },
    "v3.4.3": {
      "digest": "pending",
      "published_at": "pending"
    }
  }
}
